// !$*UTF8*$!
{
	archiveVersion = 1;
	classes = {
	};
	objectVersion = 45;
	objects = {

/* Begin PBXBuildFile section */
		4C2772DD17DFC4A30059721A /* DragWindowView.m in Sources */ = {isa = PBXBuildFile; fileRef = 4C2772DC17DFC4A30059721A /* DragWindowView.m */; };
		4C29535E179DF92D00A66CBC /* CompositionWindow.xib in Resources */ = {isa = PBXBuildFile; fileRef = 4C29535D179DF92D00A66CBC /* CompositionWindow.xib */; };
		4C295361179E0A4800A66CBC /* mmicon.icns in Resources */ = {isa = PBXBuildFile; fileRef = 4C295360179E0A4800A66CBC /* mmicon.icns */; };
		4C295363179E128700A66CBC /* Logo.qtz in Resources */ = {isa = PBXBuildFile; fileRef = 4C295362179E128700A66CBC /* Logo.qtz */; };
		4C350AA7179DF77D00970914 /* controls.png in Resources */ = {isa = PBXBuildFile; fileRef = 4C350AA6179DF77D00970914 /* controls.png */; };
		4C43368817E04FAE00262BF7 /* nocontroller.png in Resources */ = {isa = PBXBuildFile; fileRef = 4C43368717E04FAE00262BF7 /* nocontroller.png */; };
		4C4732FF179D265000EA6F16 /* MM.icns in Resources */ = {isa = PBXBuildFile; fileRef = 4C4732FE179D265000EA6F16 /* MM.icns */; };
		5F5A451714CD4F7D002FEE07 /* Quartz Composer Patches in Resources */ = {isa = PBXBuildFile; fileRef = 5F5A451514CD4F7D002FEE07 /* Quartz Composer Patches */; };
		5F5A451814CD4F7D002FEE07 /* Quartz Composer Plug-Ins in Resources */ = {isa = PBXBuildFile; fileRef = 5F5A451614CD4F7D002FEE07 /* Quartz Composer Plug-Ins */; };
		5F5A451914CD4F80002FEE07 /* Quartz Composer Plug-Ins in CopyFiles */ = {isa = PBXBuildFile; fileRef = 5F5A451614CD4F7D002FEE07 /* Quartz Composer Plug-Ins */; };
		5F5A451A14CD4F84002FEE07 /* Quartz Composer Patches in CopyFiles */ = {isa = PBXBuildFile; fileRef = 5F5A451514CD4F7D002FEE07 /* Quartz Composer Patches */; };
		6336A2121390E3EA005DF4E5 /* PS3QC.qtz in Resources */ = {isa = PBXBuildFile; fileRef = 6336A20C1390E3EA005DF4E5 /* PS3QC.qtz */; };
		637BBCC814D215BA00750550 /* Credits.rtf in Resources */ = {isa = PBXBuildFile; fileRef = 637BBCC714D215BA00750550 /* Credits.rtf */; };
		637BBDEE14D2697200750550 /* Overlays in Resources */ = {isa = PBXBuildFile; fileRef = 637BBDE814D2697200750550 /* Overlays */; };
		637BBE0A14D2697A00750550 /* Compositions in Resources */ = {isa = PBXBuildFile; fileRef = 637BBDEF14D2697A00750550 /* Compositions */; };
		6385569114CF30F200197634 /* Controls.xib in Resources */ = {isa = PBXBuildFile; fileRef = 6385569014CF30F200197634 /* Controls.xib */; };
		6385569714CF313900197634 /* ControlsWindowController.m in Sources */ = {isa = PBXBuildFile; fileRef = 6385569614CF313900197634 /* ControlsWindowController.m */; };
		63AECFF414A1BEDF00C8E83D /* icon.icns in Resources */ = {isa = PBXBuildFile; fileRef = 63AECFF314A1BEDF00C8E83D /* icon.icns */; };
		8441128C0BA76E9200F37770 /* Quartz.framework in Frameworks */ = {isa = PBXBuildFile; fileRef = 8441128B0BA76E9200F37770 /* Quartz.framework */; };
		849818240BCF1CE50085CECA /* AppController.m in Sources */ = {isa = PBXBuildFile; fileRef = 849818220BCF1CE50085CECA /* AppController.m */; };
		8D11072B0486CEB800E47090 /* InfoPlist.strings in Resources */ = {isa = PBXBuildFile; fileRef = 089C165CFE840E0CC02AAC07 /* InfoPlist.strings */; };
		8D11072D0486CEB800E47090 /* main.m in Sources */ = {isa = PBXBuildFile; fileRef = 29B97316FDCFA39411CA2CEA /* main.m */; settings = {ATTRIBUTES = (); }; };
		8D11072F0486CEB800E47090 /* Cocoa.framework in Frameworks */ = {isa = PBXBuildFile; fileRef = 1058C7A1FEA54F0111CA2CBB /* Cocoa.framework */; };
/* End PBXBuildFile section */

/* Begin PBXCopyFilesBuildPhase section */
		631AE0FE14A33B8500787142 /* CopyFiles */ = {
			isa = PBXCopyFilesBuildPhase;
			buildActionMask = 2147483647;
			dstPath = "";
			dstSubfolderSpec = 13;
			files = (
				5F5A451A14CD4F84002FEE07 /* Quartz Composer Patches in CopyFiles */,
				5F5A451914CD4F80002FEE07 /* Quartz Composer Plug-Ins in CopyFiles */,
			);
			runOnlyForDeploymentPostprocessing = 0;
		};
/* End PBXCopyFilesBuildPhase section */

/* Begin PBXFileReference section */
		089C165DFE840E0CC02AAC07 /* English */ = {isa = PBXFileReference; fileEncoding = 10; lastKnownFileType = text.plist.strings; name = English; path = English.lproj/InfoPlist.strings; sourceTree = "<group>"; };
		1058C7A1FEA54F0111CA2CBB /* Cocoa.framework */ = {isa = PBXFileReference; lastKnownFileType = wrapper.framework; name = Cocoa.framework; path = /System/Library/Frameworks/Cocoa.framework; sourceTree = "<absolute>"; };
		13E42FB307B3F0F600E4EEF1 /* CoreData.framework */ = {isa = PBXFileReference; lastKnownFileType = wrapper.framework; name = CoreData.framework; path = /System/Library/Frameworks/CoreData.framework; sourceTree = "<absolute>"; };
		29B97316FDCFA39411CA2CEA /* main.m */ = {isa = PBXFileReference; fileEncoding = 4; lastKnownFileType = sourcecode.c.objc; path = main.m; sourceTree = "<group>"; };
		29B97324FDCFA39411CA2CEA /* AppKit.framework */ = {isa = PBXFileReference; lastKnownFileType = wrapper.framework; name = AppKit.framework; path = /System/Library/Frameworks/AppKit.framework; sourceTree = "<absolute>"; };
		29B97325FDCFA39411CA2CEA /* Foundation.framework */ = {isa = PBXFileReference; lastKnownFileType = wrapper.framework; name = Foundation.framework; path = /System/Library/Frameworks/Foundation.framework; sourceTree = "<absolute>"; };
		4C2772DB17DFC4A30059721A /* DragWindowView.h */ = {isa = PBXFileReference; fileEncoding = 4; lastKnownFileType = sourcecode.c.h; path = DragWindowView.h; sourceTree = "<group>"; };
		4C2772DC17DFC4A30059721A /* DragWindowView.m */ = {isa = PBXFileReference; fileEncoding = 4; lastKnownFileType = sourcecode.c.objc; path = DragWindowView.m; sourceTree = "<group>"; };
		4C29535D179DF92D00A66CBC /* CompositionWindow.xib */ = {isa = PBXFileReference; fileEncoding = 4; lastKnownFileType = file.xib; path = CompositionWindow.xib; sourceTree = "<group>"; };
		4C295360179E0A4800A66CBC /* mmicon.icns */ = {isa = PBXFileReference; lastKnownFileType = image.icns; path = mmicon.icns; sourceTree = "<group>"; };
		4C295362179E128700A66CBC /* Logo.qtz */ = {isa = PBXFileReference; lastKnownFileType = "video.quartz-composer"; path = Logo.qtz; sourceTree = "<group>"; };
		4C350AA6179DF77D00970914 /* controls.png */ = {isa = PBXFileReference; lastKnownFileType = image.png; path = controls.png; sourceTree = "<group>"; };
		4C43368717E04FAE00262BF7 /* nocontroller.png */ = {isa = PBXFileReference; lastKnownFileType = image.png; path = nocontroller.png; sourceTree = "<group>"; };
		4C4732FE179D265000EA6F16 /* MM.icns */ = {isa = PBXFileReference; lastKnownFileType = image.icns; path = MM.icns; sourceTree = "<group>"; };
		5F5A451514CD4F7D002FEE07 /* Quartz Composer Patches */ = {isa = PBXFileReference; lastKnownFileType = folder; name = "Quartz Composer Patches"; path = "Plugins/Quartz Composer Patches"; sourceTree = "<group>"; };
		5F5A451614CD4F7D002FEE07 /* Quartz Composer Plug-Ins */ = {isa = PBXFileReference; lastKnownFileType = folder; name = "Quartz Composer Plug-Ins"; path = "Plugins/Quartz Composer Plug-Ins"; sourceTree = "<group>"; };
		6336A20C1390E3EA005DF4E5 /* PS3QC.qtz */ = {isa = PBXFileReference; lastKnownFileType = "video.quartz-composer"; path = PS3QC.qtz; sourceTree = "<group>"; };
		637BBCC714D215BA00750550 /* Credits.rtf */ = {isa = PBXFileReference; lastKnownFileType = text.rtf; path = Credits.rtf; sourceTree = "<group>"; };
		637BBDE814D2697200750550 /* Overlays */ = {isa = PBXFileReference; lastKnownFileType = folder; path = Overlays; sourceTree = "<group>"; };
		637BBDEF14D2697A00750550 /* Compositions */ = {isa = PBXFileReference; lastKnownFileType = folder; path = Compositions; sourceTree = "<group>"; };
		6385569014CF30F200197634 /* Controls.xib */ = {isa = PBXFileReference; lastKnownFileType = file.xib; path = Controls.xib; sourceTree = "<group>"; };
		6385569514CF313900197634 /* ControlsWindowController.h */ = {isa = PBXFileReference; fileEncoding = 4; lastKnownFileType = sourcecode.c.h; path = ControlsWindowController.h; sourceTree = "<group>"; };
		6385569614CF313900197634 /* ControlsWindowController.m */ = {isa = PBXFileReference; fileEncoding = 4; lastKnownFileType = sourcecode.c.objc; path = ControlsWindowController.m; sourceTree = "<group>"; };
		63AECFF314A1BEDF00C8E83D /* icon.icns */ = {isa = PBXFileReference; lastKnownFileType = image.icns; path = icon.icns; sourceTree = "<group>"; };
		7219AB410FAA1D5900573434 /* PS3QCApp_Prefix.pch */ = {isa = PBXFileReference; fileEncoding = 4; lastKnownFileType = sourcecode.c.h; path = PS3QCApp_Prefix.pch; sourceTree = "<group>"; };
		8441128B0BA76E9200F37770 /* Quartz.framework */ = {isa = PBXFileReference; lastKnownFileType = wrapper.framework; name = Quartz.framework; path = /System/Library/Frameworks/Quartz.framework; sourceTree = "<absolute>"; };
		849818220BCF1CE50085CECA /* AppController.m */ = {isa = PBXFileReference; fileEncoding = 4; lastKnownFileType = sourcecode.c.objc; path = AppController.m; sourceTree = "<group>"; };
		849818230BCF1CE50085CECA /* AppController.h */ = {isa = PBXFileReference; fileEncoding = 4; lastKnownFileType = sourcecode.c.h; path = AppController.h; sourceTree = "<group>"; };
		8D1107310486CEB800E47090 /* Info.plist */ = {isa = PBXFileReference; fileEncoding = 4; lastKnownFileType = text.plist; path = Info.plist; sourceTree = "<group>"; };
		8D1107320486CEB800E47090 /* MacroMeez Visuals.app */ = {isa = PBXFileReference; explicitFileType = wrapper.application; includeInIndex = 0; path = "MacroMeez Visuals.app"; sourceTree = BUILT_PRODUCTS_DIR; };
/* End PBXFileReference section */

/* Begin PBXFrameworksBuildPhase section */
		8D11072E0486CEB800E47090 /* Frameworks */ = {
			isa = PBXFrameworksBuildPhase;
			buildActionMask = 2147483647;
			files = (
				8D11072F0486CEB800E47090 /* Cocoa.framework in Frameworks */,
				8441128C0BA76E9200F37770 /* Quartz.framework in Frameworks */,
			);
			runOnlyForDeploymentPostprocessing = 0;
		};
/* End PBXFrameworksBuildPhase section */

/* Begin PBXGroup section */
		080E96DDFE201D6D7F000001 /* Classes */ = {
			isa = PBXGroup;
			children = (
				6385569514CF313900197634 /* ControlsWindowController.h */,
				6385569614CF313900197634 /* ControlsWindowController.m */,
				849818230BCF1CE50085CECA /* AppController.h */,
				849818220BCF1CE50085CECA /* AppController.m */,
				4C2772DB17DFC4A30059721A /* DragWindowView.h */,
				4C2772DC17DFC4A30059721A /* DragWindowView.m */,
			);
			name = Classes;
			sourceTree = "<group>";
		};
		1058C7A0FEA54F0111CA2CBB /* Linked Frameworks */ = {
			isa = PBXGroup;
			children = (
				8441128B0BA76E9200F37770 /* Quartz.framework */,
				1058C7A1FEA54F0111CA2CBB /* Cocoa.framework */,
			);
			name = "Linked Frameworks";
			sourceTree = "<group>";
		};
		1058C7A2FEA54F0111CA2CBB /* Other Frameworks */ = {
			isa = PBXGroup;
			children = (
				29B97324FDCFA39411CA2CEA /* AppKit.framework */,
				13E42FB307B3F0F600E4EEF1 /* CoreData.framework */,
				29B97325FDCFA39411CA2CEA /* Foundation.framework */,
			);
			name = "Other Frameworks";
			sourceTree = "<group>";
		};
		19C28FACFE9D520D11CA2CBB /* Products */ = {
			isa = PBXGroup;
			children = (
				8D1107320486CEB800E47090 /* MacroMeez Visuals.app */,
			);
			name = Products;
			sourceTree = "<group>";
		};
		29B97314FDCFA39411CA2CEA /* PS3QCApp */ = {
			isa = PBXGroup;
			children = (
				080E96DDFE201D6D7F000001 /* Classes */,
				29B97315FDCFA39411CA2CEA /* Other Sources */,
				29B97317FDCFA39411CA2CEA /* Resources */,
				29B97323FDCFA39411CA2CEA /* Frameworks */,
				19C28FACFE9D520D11CA2CBB /* Products */,
			);
			name = PS3QCApp;
			sourceTree = "<group>";
		};
		29B97315FDCFA39411CA2CEA /* Other Sources */ = {
			isa = PBXGroup;
			children = (
				29B97316FDCFA39411CA2CEA /* main.m */,
				7219AB410FAA1D5900573434 /* PS3QCApp_Prefix.pch */,
			);
			name = "Other Sources";
			sourceTree = "<group>";
		};
		29B97317FDCFA39411CA2CEA /* Resources */ = {
			isa = PBXGroup;
			children = (
				4C295362179E128700A66CBC /* Logo.qtz */,
				4C295360179E0A4800A66CBC /* mmicon.icns */,
				4C43368717E04FAE00262BF7 /* nocontroller.png */,
				6385569014CF30F200197634 /* Controls.xib */,
				4C29535D179DF92D00A66CBC /* CompositionWindow.xib */,
				4C350AA6179DF77D00970914 /* controls.png */,
				4C4732FE179D265000EA6F16 /* MM.icns */,
				5F5A451514CD4F7D002FEE07 /* Quartz Composer Patches */,
				5F5A451614CD4F7D002FEE07 /* Quartz Composer Plug-Ins */,
				63AECFF314A1BEDF00C8E83D /* icon.icns */,
				637BBDEF14D2697A00750550 /* Compositions */,
				6336A20C1390E3EA005DF4E5 /* PS3QC.qtz */,
				637BBDE814D2697200750550 /* Overlays */,
				637BBCC714D215BA00750550 /* Credits.rtf */,
				8D1107310486CEB800E47090 /* Info.plist */,
				089C165CFE840E0CC02AAC07 /* InfoPlist.strings */,
			);
			name = Resources;
			sourceTree = "<group>";
		};
		29B97323FDCFA39411CA2CEA /* Frameworks */ = {
			isa = PBXGroup;
			children = (
				1058C7A0FEA54F0111CA2CBB /* Linked Frameworks */,
				1058C7A2FEA54F0111CA2CBB /* Other Frameworks */,
			);
			name = Frameworks;
			sourceTree = "<group>";
		};
/* End PBXGroup section */

/* Begin PBXNativeTarget section */
		8D1107260486CEB800E47090 /* MacroMeez Visuals */ = {
			isa = PBXNativeTarget;
			buildConfigurationList = C01FCF4A08A954540054247B /* Build configuration list for PBXNativeTarget "MacroMeez Visuals" */;
			buildPhases = (
				8D1107290486CEB800E47090 /* Resources */,
				8D11072C0486CEB800E47090 /* Sources */,
				8D11072E0486CEB800E47090 /* Frameworks */,
				631AE0FE14A33B8500787142 /* CopyFiles */,
			);
			buildRules = (
			);
			dependencies = (
			);
			name = "MacroMeez Visuals";
			productInstallPath = "$(HOME)/Applications";
			productName = PS3QCApp;
			productReference = 8D1107320486CEB800E47090 /* MacroMeez Visuals.app */;
			productType = "com.apple.product-type.application";
		};
/* End PBXNativeTarget section */

/* Begin PBXProject section */
		29B97313FDCFA39411CA2CEA /* Project object */ = {
			isa = PBXProject;
			buildConfigurationList = C01FCF4E08A954540054247B /* Build configuration list for PBXProject "MacroMeez Visuals" */;
			compatibilityVersion = "Xcode 3.1";
			developmentRegion = English;
			hasScannedForEncodings = 1;
			knownRegions = (
				English,
				Japanese,
				French,
				German,
				en,
			);
			mainGroup = 29B97314FDCFA39411CA2CEA /* PS3QCApp */;
			projectDirPath = "";
			projectRoot = "";
			targets = (
				8D1107260486CEB800E47090 /* MacroMeez Visuals */,
			);
		};
/* End PBXProject section */

/* Begin PBXResourcesBuildPhase section */
		8D1107290486CEB800E47090 /* Resources */ = {
			isa = PBXResourcesBuildPhase;
			buildActionMask = 2147483647;
			files = (
				8D11072B0486CEB800E47090 /* InfoPlist.strings in Resources */,
				6336A2121390E3EA005DF4E5 /* PS3QC.qtz in Resources */,
				63AECFF414A1BEDF00C8E83D /* icon.icns in Resources */,
				5F5A451714CD4F7D002FEE07 /* Quartz Composer Patches in Resources */,
				5F5A451814CD4F7D002FEE07 /* Quartz Composer Plug-Ins in Resources */,
				6385569114CF30F200197634 /* Controls.xib in Resources */,
				637BBCC814D215BA00750550 /* Credits.rtf in Resources */,
				637BBDEE14D2697200750550 /* Overlays in Resources */,
				637BBE0A14D2697A00750550 /* Compositions in Resources */,
				4C4732FF179D265000EA6F16 /* MM.icns in Resources */,
				4C350AA7179DF77D00970914 /* controls.png in Resources */,
				4C29535E179DF92D00A66CBC /* CompositionWindow.xib in Resources */,
				4C295361179E0A4800A66CBC /* mmicon.icns in Resources */,
				4C295363179E128700A66CBC /* Logo.qtz in Resources */,
				4C43368817E04FAE00262BF7 /* nocontroller.png in Resources */,
			);
			runOnlyForDeploymentPostprocessing = 0;
		};
/* End PBXResourcesBuildPhase section */

/* Begin PBXSourcesBuildPhase section */
		8D11072C0486CEB800E47090 /* Sources */ = {
			isa = PBXSourcesBuildPhase;
			buildActionMask = 2147483647;
			files = (
				8D11072D0486CEB800E47090 /* main.m in Sources */,
				849818240BCF1CE50085CECA /* AppController.m in Sources */,
				6385569714CF313900197634 /* ControlsWindowController.m in Sources */,
				4C2772DD17DFC4A30059721A /* DragWindowView.m in Sources */,
			);
			runOnlyForDeploymentPostprocessing = 0;
		};
/* End PBXSourcesBuildPhase section */

/* Begin PBXVariantGroup section */
		089C165CFE840E0CC02AAC07 /* InfoPlist.strings */ = {
			isa = PBXVariantGroup;
			children = (
				089C165DFE840E0CC02AAC07 /* English */,
			);
			name = InfoPlist.strings;
			sourceTree = "<group>";
		};
/* End PBXVariantGroup section */

/* Begin XCBuildConfiguration section */
		C01FCF4B08A954540054247B /* Debug */ = {
			isa = XCBuildConfiguration;
			buildSettings = {
				COPY_PHASE_STRIP = NO;
				FRAMEWORK_SEARCH_PATHS = (
					"$(inherited)",
					"\"$(SRCROOT)/Plugins/Syphon.plugin/Contents/Frameworks\"",
				);
				GCC_DYNAMIC_NO_PIC = NO;
				GCC_ENABLE_FIX_AND_CONTINUE = YES;
				GCC_MODEL_TUNING = G5;
				GCC_OPTIMIZATION_LEVEL = 0;
				GCC_PRECOMPILE_PREFIX_HEADER = YES;
				GCC_PREFIX_HEADER = PS3QCApp_Prefix.pch;
				INFOPLIST_FILE = Info.plist;
				INSTALL_PATH = "$(HOME)/Applications";
				PRODUCT_NAME = "MacroMeez Visuals";
				SDKROOT = "";
				WRAPPER_EXTENSION = app;
				ZERO_LINK = YES;
			};
			name = Debug;
		};
		C01FCF4C08A954540054247B /* Release */ = {
			isa = XCBuildConfiguration;
			buildSettings = {
				DEBUG_INFORMATION_FORMAT = "dwarf-with-dsym";
				FRAMEWORK_SEARCH_PATHS = (
					"$(inherited)",
					"\"$(SRCROOT)/Plugins/Syphon.plugin/Contents/Frameworks\"",
				);
				GCC_MODEL_TUNING = G5;
				GCC_PRECOMPILE_PREFIX_HEADER = YES;
				GCC_PREFIX_HEADER = PS3QCApp_Prefix.pch;
				INFOPLIST_FILE = Info.plist;
				INSTALL_PATH = "$(HOME)/Applications";
				PRODUCT_NAME = "MacroMeez Visuals";
				SDKROOT = "";
				WRAPPER_EXTENSION = app;
			};
			name = Release;
		};
		C01FCF4F08A954540054247B /* Debug */ = {
			isa = XCBuildConfiguration;
			buildSettings = {
				ARCHS = "$(ARCHS_STANDARD_32_64_BIT)";
				GCC_C_LANGUAGE_STANDARD = gnu99;
				GCC_WARN_ABOUT_RETURN_TYPE = YES;
				GCC_WARN_UNUSED_VARIABLE = YES;
				ONLY_ACTIVE_ARCH = YES;
				PREBINDING = NO;
				SDKROOT = macosx10.6;
			};
			name = Debug;
		};
		C01FCF5008A954540054247B /* Release */ = {
			isa = XCBuildConfiguration;
			buildSettings = {
				ARCHS = "$(ARCHS_STANDARD_32_64_BIT)";
				GCC_C_LANGUAGE_STANDARD = gnu99;
				GCC_WARN_ABOUT_RETURN_TYPE = YES;
				GCC_WARN_UNUSED_VARIABLE = YES;
				PREBINDING = NO;
				SDKROOT = macosx10.6;
			};
			name = Release;
		};
/* End XCBuildConfiguration section */

/* Begin XCConfigurationList section */
		C01FCF4A08A954540054247B /* Build configuration list for PBXNativeTarget "MacroMeez Visuals" */ = {
			isa = XCConfigurationList;
			buildConfigurations = (
				C01FCF4B08A954540054247B /* Debug */,
				C01FCF4C08A954540054247B /* Release */,
			);
			defaultConfigurationIsVisible = 0;
			defaultConfigurationName = Release;
		};
		C01FCF4E08A954540054247B /* Build configuration list for PBXProject "MacroMeez Visuals" */ = {
			isa = XCConfigurationList;
			buildConfigurations = (
				C01FCF4F08A954540054247B /* Debug */,
				C01FCF5008A954540054247B /* Release */,
			);
			defaultConfigurationIsVisible = 0;
			defaultConfigurationName = Release;
		};
/* End XCConfigurationList section */
	};
	rootObject = 29B97313FDCFA39411CA2CEA /* Project object */;
}
