// !$*UTF8*$!
{
	archiveVersion = 1;
	classes = {
	};
	objectVersion = 45;
	objects = {

/* Begin PBXBuildFile section */
		5F16817C14CD0F5300ECEADD /* v002Blurs.plugin in Resources */ = {isa = PBXBuildFile; fileRef = 5F16816A14CD0F5300ECEADD /* v002Blurs.plugin */; };
		5F16817D14CD0F5600ECEADD /* v002Blurs.plugin in CopyFiles */ = {isa = PBXBuildFile; fileRef = 5F16816A14CD0F5300ECEADD /* v002Blurs.plugin */; };
		5F16818214CD100E00ECEADD /* TestBlurs.qtz in Resources */ = {isa = PBXBuildFile; fileRef = 5F16818114CD100E00ECEADD /* TestBlurs.qtz */; };
		631ADDBD14A3387100787142 /* Flower.qtz in Resources */ = {isa = PBXBuildFile; fileRef = 631ADDBC14A3387100787142 /* Flower.qtz */; };
		631ADDBE14A3387E00787142 /* Flower.qtz in CopyFiles */ = {isa = PBXBuildFile; fileRef = 631ADDBC14A3387100787142 /* Flower.qtz */; };
		6336A2121390E3EA005DF4E5 /* PS3QC.qtz in Resources */ = {isa = PBXBuildFile; fileRef = 6336A20C1390E3EA005DF4E5 /* PS3QC.qtz */; };
		633E209814C420430067BFA5 /* Hexagons.qtz in Resources */ = {isa = PBXBuildFile; fileRef = 633E209714C420430067BFA5 /* Hexagons.qtz */; };
		633E209A14C4204B0067BFA5 /* CubeGrid.qtz in Resources */ = {isa = PBXBuildFile; fileRef = 633E209914C4204B0067BFA5 /* CubeGrid.qtz */; };
		63AECFBC14A1BBA900C8E83D /* ABlank.qtz in CopyFiles */ = {isa = PBXBuildFile; fileRef = 63AECFA514A1BAA500C8E83D /* ABlank.qtz */; };
		63AECFBD14A1BBA900C8E83D /* ColorSlider.qtz in CopyFiles */ = {isa = PBXBuildFile; fileRef = 63AECFA614A1BAA500C8E83D /* ColorSlider.qtz */; };
		63AECFBE14A1BBA900C8E83D /* Sound Particles.qtz in CopyFiles */ = {isa = PBXBuildFile; fileRef = 63AECFA714A1BAA500C8E83D /* Sound Particles.qtz */; };
		63AECFBF14A1BBA900C8E83D /* VerticalBarSliders.qtz in CopyFiles */ = {isa = PBXBuildFile; fileRef = 63AECFA814A1BAA500C8E83D /* VerticalBarSliders.qtz */; };
		63AECFD214A1BBF900C8E83D /* ASphere Replication.qtz in CopyFiles */ = {isa = PBXBuildFile; fileRef = 630BFE73148CA9870069D40E /* ASphere Replication.qtz */; };
		63AECFD314A1BBF900C8E83D /* Blobby.qtz in CopyFiles */ = {isa = PBXBuildFile; fileRef = 630BFE75148CA9870069D40E /* Blobby.qtz */; };
		63AECFD414A1BBF900C8E83D /* Circle Grower.qtz in CopyFiles */ = {isa = PBXBuildFile; fileRef = 630BFE76148CA9870069D40E /* Circle Grower.qtz */; };
		63AECFD514A1BBF900C8E83D /* CrazyStarfield.qtz in CopyFiles */ = {isa = PBXBuildFile; fileRef = 630BFE77148CA9870069D40E /* CrazyStarfield.qtz */; };
		63AECFD614A1BBF900C8E83D /* Fireworks.qtz in CopyFiles */ = {isa = PBXBuildFile; fileRef = 630BFE78148CA9870069D40E /* Fireworks.qtz */; };
		63AECFD714A1BBF900C8E83D /* fractalesque.qtz in CopyFiles */ = {isa = PBXBuildFile; fileRef = 630BFE79148CA9870069D40E /* fractalesque.qtz */; };
		63AECFD814A1BBF900C8E83D /* goto10_doublehelix.qtz in CopyFiles */ = {isa = PBXBuildFile; fileRef = 630BFE7A148CA9870069D40E /* goto10_doublehelix.qtz */; };
		63AECFD914A1BBF900C8E83D /* KaleidoscopeSmooth.qtz in CopyFiles */ = {isa = PBXBuildFile; fileRef = 630BFE7E148CA9870069D40E /* KaleidoscopeSmooth.qtz */; };
		63AECFDA14A1BBF900C8E83D /* LineSphere.qtz in CopyFiles */ = {isa = PBXBuildFile; fileRef = 630BFE80148CA9870069D40E /* LineSphere.qtz */; };
		63AECFDB14A1BBF900C8E83D /* midiballs.qtz in CopyFiles */ = {isa = PBXBuildFile; fileRef = 630BFE81148CA9870069D40E /* midiballs.qtz */; };
		63AECFDC14A1BBF900C8E83D /* NoiseSphere.qtz in CopyFiles */ = {isa = PBXBuildFile; fileRef = 630BFE89148CA9870069D40E /* NoiseSphere.qtz */; };
		63AECFDD14A1BBF900C8E83D /* Random Triangles.qtz in CopyFiles */ = {isa = PBXBuildFile; fileRef = 630BFE8A148CA9870069D40E /* Random Triangles.qtz */; };
		63AECFDE14A1BBF900C8E83D /* Rays.qtz in CopyFiles */ = {isa = PBXBuildFile; fileRef = 630BFE8B148CA9870069D40E /* Rays.qtz */; };
		63AECFDF14A1BBF900C8E83D /* Wiry.qtz in CopyFiles */ = {isa = PBXBuildFile; fileRef = 63AECFB014A1BAD500C8E83D /* Wiry.qtz */; };
		63AECFE014A1BBF900C8E83D /* Ribbon.qtz in CopyFiles */ = {isa = PBXBuildFile; fileRef = 630BFE8C148CA9870069D40E /* Ribbon.qtz */; };
		63AECFE114A1BBF900C8E83D /* Sound Particles.qtz in CopyFiles */ = {isa = PBXBuildFile; fileRef = 630BFE8D148CA9870069D40E /* Sound Particles.qtz */; };
		63AECFE214A1BBF900C8E83D /* Square Grid.qtz in CopyFiles */ = {isa = PBXBuildFile; fileRef = 630BFE8E148CA9870069D40E /* Square Grid.qtz */; };
		63AECFE314A1BBF900C8E83D /* TriangleExploder.qtz in CopyFiles */ = {isa = PBXBuildFile; fileRef = 630BFE8F148CA9870069D40E /* TriangleExploder.qtz */; };
		63AECFE414A1BBF900C8E83D /* Waveform.qtz in CopyFiles */ = {isa = PBXBuildFile; fileRef = 630BFE90148CA9870069D40E /* Waveform.qtz */; };
		63AECFF414A1BEDF00C8E83D /* icon.icns in Resources */ = {isa = PBXBuildFile; fileRef = 63AECFF314A1BEDF00C8E83D /* icon.icns */; };
		72CB32F40DCA5BBF008F3AA2 /* MainMenu.xib in Resources */ = {isa = PBXBuildFile; fileRef = 72CB32F20DCA5BBF008F3AA2 /* MainMenu.xib */; };
		8441128C0BA76E9200F37770 /* Quartz.framework in Frameworks */ = {isa = PBXBuildFile; fileRef = 8441128B0BA76E9200F37770 /* Quartz.framework */; };
		849818240BCF1CE50085CECA /* AppController.m in Sources */ = {isa = PBXBuildFile; fileRef = 849818220BCF1CE50085CECA /* AppController.m */; };
		8D11072B0486CEB800E47090 /* InfoPlist.strings in Resources */ = {isa = PBXBuildFile; fileRef = 089C165CFE840E0CC02AAC07 /* InfoPlist.strings */; };
		8D11072D0486CEB800E47090 /* main.m in Sources */ = {isa = PBXBuildFile; fileRef = 29B97316FDCFA39411CA2CEA /* main.m */; settings = {ATTRIBUTES = (); }; };
		8D11072F0486CEB800E47090 /* Cocoa.framework in Frameworks */ = {isa = PBXBuildFile; fileRef = 1058C7A1FEA54F0111CA2CBB /* Cocoa.framework */; };
/* End PBXBuildFile section */

/* Begin PBXCopyFilesBuildPhase section */
		631AE0FE14A33B8500787142 /* CopyFiles */ = {
			isa = PBXCopyFilesBuildPhase;
			buildActionMask = 2147483647;
			dstPath = "";
			dstSubfolderSpec = 13;
			files = (
				5F16817D14CD0F5600ECEADD /* v002Blurs.plugin in CopyFiles */,
			);
			runOnlyForDeploymentPostprocessing = 0;
		};
		6336A2281390E4FC005DF4E5 /* CopyFiles */ = {
			isa = PBXCopyFilesBuildPhase;
			buildActionMask = 2147483647;
			dstPath = Compositions;
			dstSubfolderSpec = 7;
			files = (
				631ADDBE14A3387E00787142 /* Flower.qtz in CopyFiles */,
				63AECFD214A1BBF900C8E83D /* ASphere Replication.qtz in CopyFiles */,
				63AECFD314A1BBF900C8E83D /* Blobby.qtz in CopyFiles */,
				63AECFD414A1BBF900C8E83D /* Circle Grower.qtz in CopyFiles */,
				63AECFD514A1BBF900C8E83D /* CrazyStarfield.qtz in CopyFiles */,
				63AECFD614A1BBF900C8E83D /* Fireworks.qtz in CopyFiles */,
				63AECFD714A1BBF900C8E83D /* fractalesque.qtz in CopyFiles */,
				63AECFD814A1BBF900C8E83D /* goto10_doublehelix.qtz in CopyFiles */,
				63AECFD914A1BBF900C8E83D /* KaleidoscopeSmooth.qtz in CopyFiles */,
				63AECFDA14A1BBF900C8E83D /* LineSphere.qtz in CopyFiles */,
				63AECFDB14A1BBF900C8E83D /* midiballs.qtz in CopyFiles */,
				63AECFDC14A1BBF900C8E83D /* NoiseSphere.qtz in CopyFiles */,
				63AECFDD14A1BBF900C8E83D /* Random Triangles.qtz in CopyFiles */,
				63AECFDE14A1BBF900C8E83D /* Rays.qtz in CopyFiles */,
				63AECFDF14A1BBF900C8E83D /* Wiry.qtz in CopyFiles */,
				63AECFE014A1BBF900C8E83D /* Ribbon.qtz in CopyFiles */,
				63AECFE114A1BBF900C8E83D /* Sound Particles.qtz in CopyFiles */,
				63AECFE214A1BBF900C8E83D /* Square Grid.qtz in CopyFiles */,
				63AECFE314A1BBF900C8E83D /* TriangleExploder.qtz in CopyFiles */,
				63AECFE414A1BBF900C8E83D /* Waveform.qtz in CopyFiles */,
			);
			runOnlyForDeploymentPostprocessing = 0;
		};
		63AECFD014A1BBB000C8E83D /* CopyFiles */ = {
			isa = PBXCopyFilesBuildPhase;
			buildActionMask = 2147483647;
			dstPath = Overlays;
			dstSubfolderSpec = 7;
			files = (
				63AECFBC14A1BBA900C8E83D /* ABlank.qtz in CopyFiles */,
				63AECFBD14A1BBA900C8E83D /* ColorSlider.qtz in CopyFiles */,
				63AECFBE14A1BBA900C8E83D /* Sound Particles.qtz in CopyFiles */,
				63AECFBF14A1BBA900C8E83D /* VerticalBarSliders.qtz in CopyFiles */,
			);
			runOnlyForDeploymentPostprocessing = 0;
		};
/* End PBXCopyFilesBuildPhase section */

/* Begin PBXFileReference section */
		089C165DFE840E0CC02AAC07 /* English */ = {isa = PBXFileReference; fileEncoding = 10; lastKnownFileType = text.plist.strings; name = English; path = English.lproj/InfoPlist.strings; sourceTree = "<group>"; };
		1058C7A1FEA54F0111CA2CBB /* Cocoa.framework */ = {isa = PBXFileReference; lastKnownFileType = wrapper.framework; name = Cocoa.framework; path = /System/Library/Frameworks/Cocoa.framework; sourceTree = "<absolute>"; };
		13E42FB307B3F0F600E4EEF1 /* CoreData.framework */ = {isa = PBXFileReference; lastKnownFileType = wrapper.framework; name = CoreData.framework; path = /System/Library/Frameworks/CoreData.framework; sourceTree = "<absolute>"; };
		29B97316FDCFA39411CA2CEA /* main.m */ = {isa = PBXFileReference; fileEncoding = 4; lastKnownFileType = sourcecode.c.objc; path = main.m; sourceTree = "<group>"; };
		29B97324FDCFA39411CA2CEA /* AppKit.framework */ = {isa = PBXFileReference; lastKnownFileType = wrapper.framework; name = AppKit.framework; path = /System/Library/Frameworks/AppKit.framework; sourceTree = "<absolute>"; };
		29B97325FDCFA39411CA2CEA /* Foundation.framework */ = {isa = PBXFileReference; lastKnownFileType = wrapper.framework; name = Foundation.framework; path = /System/Library/Frameworks/Foundation.framework; sourceTree = "<absolute>"; };
		5F16816A14CD0F5300ECEADD /* v002Blurs.plugin */ = {isa = PBXFileReference; lastKnownFileType = folder; name = v002Blurs.plugin; path = Plugins/v002Blurs.plugin; sourceTree = "<group>"; };
		5F16818114CD100E00ECEADD /* TestBlurs.qtz */ = {isa = PBXFileReference; lastKnownFileType = "video.quartz-composer"; path = TestBlurs.qtz; sourceTree = "<group>"; };
		630BFE73148CA9870069D40E /* ASphere Replication.qtz */ = {isa = PBXFileReference; lastKnownFileType = "video.quartz-composer"; path = "ASphere Replication.qtz"; sourceTree = "<group>"; };
		630BFE75148CA9870069D40E /* Blobby.qtz */ = {isa = PBXFileReference; lastKnownFileType = "video.quartz-composer"; path = Blobby.qtz; sourceTree = "<group>"; };
		630BFE76148CA9870069D40E /* Circle Grower.qtz */ = {isa = PBXFileReference; lastKnownFileType = "video.quartz-composer"; path = "Circle Grower.qtz"; sourceTree = "<group>"; };
		630BFE77148CA9870069D40E /* CrazyStarfield.qtz */ = {isa = PBXFileReference; lastKnownFileType = "video.quartz-composer"; path = CrazyStarfield.qtz; sourceTree = "<group>"; };
		630BFE78148CA9870069D40E /* Fireworks.qtz */ = {isa = PBXFileReference; lastKnownFileType = "video.quartz-composer"; path = Fireworks.qtz; sourceTree = "<group>"; };
		630BFE79148CA9870069D40E /* fractalesque.qtz */ = {isa = PBXFileReference; lastKnownFileType = "video.quartz-composer"; path = fractalesque.qtz; sourceTree = "<group>"; };
		630BFE7A148CA9870069D40E /* goto10_doublehelix.qtz */ = {isa = PBXFileReference; lastKnownFileType = "video.quartz-composer"; path = goto10_doublehelix.qtz; sourceTree = "<group>"; };
		630BFE7E148CA9870069D40E /* KaleidoscopeSmooth.qtz */ = {isa = PBXFileReference; lastKnownFileType = "video.quartz-composer"; path = KaleidoscopeSmooth.qtz; sourceTree = "<group>"; };
		630BFE80148CA9870069D40E /* LineSphere.qtz */ = {isa = PBXFileReference; lastKnownFileType = "video.quartz-composer"; path = LineSphere.qtz; sourceTree = "<group>"; };
		630BFE81148CA9870069D40E /* midiballs.qtz */ = {isa = PBXFileReference; lastKnownFileType = "video.quartz-composer"; path = midiballs.qtz; sourceTree = "<group>"; };
		630BFE89148CA9870069D40E /* NoiseSphere.qtz */ = {isa = PBXFileReference; lastKnownFileType = "video.quartz-composer"; path = NoiseSphere.qtz; sourceTree = "<group>"; };
		630BFE8A148CA9870069D40E /* Random Triangles.qtz */ = {isa = PBXFileReference; lastKnownFileType = "video.quartz-composer"; path = "Random Triangles.qtz"; sourceTree = "<group>"; };
		630BFE8B148CA9870069D40E /* Rays.qtz */ = {isa = PBXFileReference; lastKnownFileType = "video.quartz-composer"; path = Rays.qtz; sourceTree = "<group>"; };
		630BFE8C148CA9870069D40E /* Ribbon.qtz */ = {isa = PBXFileReference; lastKnownFileType = "video.quartz-composer"; path = Ribbon.qtz; sourceTree = "<group>"; };
		630BFE8D148CA9870069D40E /* Sound Particles.qtz */ = {isa = PBXFileReference; lastKnownFileType = "video.quartz-composer"; path = "Sound Particles.qtz"; sourceTree = "<group>"; };
		630BFE8E148CA9870069D40E /* Square Grid.qtz */ = {isa = PBXFileReference; lastKnownFileType = "video.quartz-composer"; path = "Square Grid.qtz"; sourceTree = "<group>"; };
		630BFE8F148CA9870069D40E /* TriangleExploder.qtz */ = {isa = PBXFileReference; lastKnownFileType = "video.quartz-composer"; path = TriangleExploder.qtz; sourceTree = "<group>"; };
		630BFE90148CA9870069D40E /* Waveform.qtz */ = {isa = PBXFileReference; lastKnownFileType = "video.quartz-composer"; path = Waveform.qtz; sourceTree = "<group>"; };
		631ADDBC14A3387100787142 /* Flower.qtz */ = {isa = PBXFileReference; lastKnownFileType = "video.quartz-composer"; path = Flower.qtz; sourceTree = "<group>"; };
		6336A20C1390E3EA005DF4E5 /* PS3QC.qtz */ = {isa = PBXFileReference; lastKnownFileType = "video.quartz-composer"; path = PS3QC.qtz; sourceTree = "<group>"; };
		633E209714C420430067BFA5 /* Hexagons.qtz */ = {isa = PBXFileReference; lastKnownFileType = "video.quartz-composer"; path = Hexagons.qtz; sourceTree = "<group>"; };
		633E209914C4204B0067BFA5 /* CubeGrid.qtz */ = {isa = PBXFileReference; lastKnownFileType = "video.quartz-composer"; path = CubeGrid.qtz; sourceTree = "<group>"; };
		63AECFA514A1BAA500C8E83D /* ABlank.qtz */ = {isa = PBXFileReference; lastKnownFileType = "video.quartz-composer"; name = ABlank.qtz; path = ../Overlays/ABlank.qtz; sourceTree = "<group>"; };
		63AECFA614A1BAA500C8E83D /* ColorSlider.qtz */ = {isa = PBXFileReference; lastKnownFileType = "video.quartz-composer"; name = ColorSlider.qtz; path = ../Overlays/ColorSlider.qtz; sourceTree = "<group>"; };
		63AECFA714A1BAA500C8E83D /* Sound Particles.qtz */ = {isa = PBXFileReference; lastKnownFileType = "video.quartz-composer"; name = "Sound Particles.qtz"; path = "../Overlays/Sound Particles.qtz"; sourceTree = "<group>"; };
		63AECFA814A1BAA500C8E83D /* VerticalBarSliders.qtz */ = {isa = PBXFileReference; lastKnownFileType = "video.quartz-composer"; name = VerticalBarSliders.qtz; path = ../Overlays/VerticalBarSliders.qtz; sourceTree = "<group>"; };
		63AECFB014A1BAD500C8E83D /* Wiry.qtz */ = {isa = PBXFileReference; lastKnownFileType = "video.quartz-composer"; path = Wiry.qtz; sourceTree = "<group>"; };
		63AECFF314A1BEDF00C8E83D /* icon.icns */ = {isa = PBXFileReference; lastKnownFileType = image.icns; path = icon.icns; sourceTree = "<group>"; };
		7219AB410FAA1D5900573434 /* PS3QCApp_Prefix.pch */ = {isa = PBXFileReference; fileEncoding = 4; lastKnownFileType = sourcecode.c.h; path = PS3QCApp_Prefix.pch; sourceTree = "<group>"; };
		72CB32F30DCA5BBF008F3AA2 /* English */ = {isa = PBXFileReference; lastKnownFileType = file.xib; name = English; path = English.lproj/MainMenu.xib; sourceTree = "<group>"; };
		8441128B0BA76E9200F37770 /* Quartz.framework */ = {isa = PBXFileReference; lastKnownFileType = wrapper.framework; name = Quartz.framework; path = /System/Library/Frameworks/Quartz.framework; sourceTree = "<absolute>"; };
		849818220BCF1CE50085CECA /* AppController.m */ = {isa = PBXFileReference; fileEncoding = 4; lastKnownFileType = sourcecode.c.objc; path = AppController.m; sourceTree = "<group>"; };
		849818230BCF1CE50085CECA /* AppController.h */ = {isa = PBXFileReference; fileEncoding = 4; lastKnownFileType = sourcecode.c.h; path = AppController.h; sourceTree = "<group>"; };
		8D1107310486CEB800E47090 /* Info.plist */ = {isa = PBXFileReference; fileEncoding = 4; lastKnownFileType = text.plist; path = Info.plist; sourceTree = "<group>"; };
		8D1107320486CEB800E47090 /* PS3QCApp.app */ = {isa = PBXFileReference; explicitFileType = wrapper.application; includeInIndex = 0; path = PS3QCApp.app; sourceTree = BUILT_PRODUCTS_DIR; };
/* End PBXFileReference section */

/* Begin PBXFrameworksBuildPhase section */
		8D11072E0486CEB800E47090 /* Frameworks */ = {
			isa = PBXFrameworksBuildPhase;
			buildActionMask = 2147483647;
			files = (
				8D11072F0486CEB800E47090 /* Cocoa.framework in Frameworks */,
				8441128C0BA76E9200F37770 /* Quartz.framework in Frameworks */,
			);
			runOnlyForDeploymentPostprocessing = 0;
		};
/* End PBXFrameworksBuildPhase section */

/* Begin PBXGroup section */
		080E96DDFE201D6D7F000001 /* Classes */ = {
			isa = PBXGroup;
			children = (
				849818230BCF1CE50085CECA /* AppController.h */,
				849818220BCF1CE50085CECA /* AppController.m */,
			);
			name = Classes;
			sourceTree = "<group>";
		};
		1058C7A0FEA54F0111CA2CBB /* Linked Frameworks */ = {
			isa = PBXGroup;
			children = (
				8441128B0BA76E9200F37770 /* Quartz.framework */,
				1058C7A1FEA54F0111CA2CBB /* Cocoa.framework */,
			);
			name = "Linked Frameworks";
			sourceTree = "<group>";
		};
		1058C7A2FEA54F0111CA2CBB /* Other Frameworks */ = {
			isa = PBXGroup;
			children = (
				29B97324FDCFA39411CA2CEA /* AppKit.framework */,
				13E42FB307B3F0F600E4EEF1 /* CoreData.framework */,
				29B97325FDCFA39411CA2CEA /* Foundation.framework */,
			);
			name = "Other Frameworks";
			sourceTree = "<group>";
		};
		19C28FACFE9D520D11CA2CBB /* Products */ = {
			isa = PBXGroup;
			children = (
				8D1107320486CEB800E47090 /* PS3QCApp.app */,
			);
			name = Products;
			sourceTree = "<group>";
		};
		29B97314FDCFA39411CA2CEA /* PS3QCApp */ = {
			isa = PBXGroup;
			children = (
				080E96DDFE201D6D7F000001 /* Classes */,
				29B97315FDCFA39411CA2CEA /* Other Sources */,
				29B97317FDCFA39411CA2CEA /* Resources */,
				29B97323FDCFA39411CA2CEA /* Frameworks */,
				19C28FACFE9D520D11CA2CBB /* Products */,
			);
			name = PS3QCApp;
			sourceTree = "<group>";
		};
		29B97315FDCFA39411CA2CEA /* Other Sources */ = {
			isa = PBXGroup;
			children = (
				29B97316FDCFA39411CA2CEA /* main.m */,
				7219AB410FAA1D5900573434 /* PS3QCApp_Prefix.pch */,
			);
			name = "Other Sources";
			sourceTree = "<group>";
		};
		29B97317FDCFA39411CA2CEA /* Resources */ = {
			isa = PBXGroup;
			children = (
				5F16816A14CD0F5300ECEADD /* v002Blurs.plugin */,
				63AECFF314A1BEDF00C8E83D /* icon.icns */,
				63AECFA414A1BAA500C8E83D /* Overlays */,
				6336A2061390E3EA005DF4E5 /* Compositions */,
				6336A20C1390E3EA005DF4E5 /* PS3QC.qtz */,
				5F16818114CD100E00ECEADD /* TestBlurs.qtz */,
				72CB32F20DCA5BBF008F3AA2 /* MainMenu.xib */,
				8D1107310486CEB800E47090 /* Info.plist */,
				089C165CFE840E0CC02AAC07 /* InfoPlist.strings */,
			);
			name = Resources;
			sourceTree = "<group>";
		};
		29B97323FDCFA39411CA2CEA /* Frameworks */ = {
			isa = PBXGroup;
			children = (
				1058C7A0FEA54F0111CA2CBB /* Linked Frameworks */,
				1058C7A2FEA54F0111CA2CBB /* Other Frameworks */,
			);
			name = Frameworks;
			sourceTree = "<group>";
		};
		6336A2061390E3EA005DF4E5 /* Compositions */ = {
			isa = PBXGroup;
			children = (
				633E209714C420430067BFA5 /* Hexagons.qtz */,
				633E209914C4204B0067BFA5 /* CubeGrid.qtz */,
				631ADDBC14A3387100787142 /* Flower.qtz */,
				63AECFA514A1BAA500C8E83D /* ABlank.qtz */,
				63AECFA614A1BAA500C8E83D /* ColorSlider.qtz */,
				63AECFA714A1BAA500C8E83D /* Sound Particles.qtz */,
				63AECFA814A1BAA500C8E83D /* VerticalBarSliders.qtz */,
				630BFE73148CA9870069D40E /* ASphere Replication.qtz */,
				630BFE75148CA9870069D40E /* Blobby.qtz */,
				630BFE76148CA9870069D40E /* Circle Grower.qtz */,
				630BFE77148CA9870069D40E /* CrazyStarfield.qtz */,
				630BFE78148CA9870069D40E /* Fireworks.qtz */,
				630BFE79148CA9870069D40E /* fractalesque.qtz */,
				630BFE7A148CA9870069D40E /* goto10_doublehelix.qtz */,
				630BFE7E148CA9870069D40E /* KaleidoscopeSmooth.qtz */,
				630BFE80148CA9870069D40E /* LineSphere.qtz */,
				630BFE81148CA9870069D40E /* midiballs.qtz */,
				630BFE89148CA9870069D40E /* NoiseSphere.qtz */,
				630BFE8A148CA9870069D40E /* Random Triangles.qtz */,
				630BFE8B148CA9870069D40E /* Rays.qtz */,
				63AECFB014A1BAD500C8E83D /* Wiry.qtz */,
				630BFE8C148CA9870069D40E /* Ribbon.qtz */,
				630BFE8D148CA9870069D40E /* Sound Particles.qtz */,
				630BFE8E148CA9870069D40E /* Square Grid.qtz */,
				630BFE8F148CA9870069D40E /* TriangleExploder.qtz */,
				630BFE90148CA9870069D40E /* Waveform.qtz */,
			);
			path = Compositions;
			sourceTree = "<group>";
		};
		63AECFA414A1BAA500C8E83D /* Overlays */ = {
			isa = PBXGroup;
			children = (
			);
			path = Overlays;
			sourceTree = "<group>";
		};
/* End PBXGroup section */

/* Begin PBXNativeTarget section */
		8D1107260486CEB800E47090 /* MacroMeez Visuals */ = {
			isa = PBXNativeTarget;
			buildConfigurationList = C01FCF4A08A954540054247B /* Build configuration list for PBXNativeTarget "MacroMeez Visuals" */;
			buildPhases = (
				8D1107290486CEB800E47090 /* Resources */,
				8D11072C0486CEB800E47090 /* Sources */,
				8D11072E0486CEB800E47090 /* Frameworks */,
				6336A2281390E4FC005DF4E5 /* CopyFiles */,
				63AECFD014A1BBB000C8E83D /* CopyFiles */,
				631AE0FE14A33B8500787142 /* CopyFiles */,
			);
			buildRules = (
			);
			dependencies = (
			);
			name = "MacroMeez Visuals";
			productInstallPath = "$(HOME)/Applications";
			productName = PS3QCApp;
			productReference = 8D1107320486CEB800E47090 /* PS3QCApp.app */;
			productType = "com.apple.product-type.application";
		};
/* End PBXNativeTarget section */

/* Begin PBXProject section */
		29B97313FDCFA39411CA2CEA /* Project object */ = {
			isa = PBXProject;
			buildConfigurationList = C01FCF4E08A954540054247B /* Build configuration list for PBXProject "MacroMeez Visuals" */;
			compatibilityVersion = "Xcode 3.1";
			hasScannedForEncodings = 1;
			knownRegions = (
				English,
				Japanese,
				French,
				German,
				en,
			);
			mainGroup = 29B97314FDCFA39411CA2CEA /* PS3QCApp */;
			projectDirPath = "";
			projectRoot = "";
			targets = (
				8D1107260486CEB800E47090 /* MacroMeez Visuals */,
			);
		};
/* End PBXProject section */

/* Begin PBXResourcesBuildPhase section */
		8D1107290486CEB800E47090 /* Resources */ = {
			isa = PBXResourcesBuildPhase;
			buildActionMask = 2147483647;
			files = (
				8D11072B0486CEB800E47090 /* InfoPlist.strings in Resources */,
				72CB32F40DCA5BBF008F3AA2 /* MainMenu.xib in Resources */,
				6336A2121390E3EA005DF4E5 /* PS3QC.qtz in Resources */,
				63AECFF414A1BEDF00C8E83D /* icon.icns in Resources */,
				631ADDBD14A3387100787142 /* Flower.qtz in Resources */,
				633E209814C420430067BFA5 /* Hexagons.qtz in Resources */,
				633E209A14C4204B0067BFA5 /* CubeGrid.qtz in Resources */,
				5F16817C14CD0F5300ECEADD /* v002Blurs.plugin in Resources */,
				5F16818214CD100E00ECEADD /* TestBlurs.qtz in Resources */,
			);
			runOnlyForDeploymentPostprocessing = 0;
		};
/* End PBXResourcesBuildPhase section */

/* Begin PBXSourcesBuildPhase section */
		8D11072C0486CEB800E47090 /* Sources */ = {
			isa = PBXSourcesBuildPhase;
			buildActionMask = 2147483647;
			files = (
				8D11072D0486CEB800E47090 /* main.m in Sources */,
				849818240BCF1CE50085CECA /* AppController.m in Sources */,
			);
			runOnlyForDeploymentPostprocessing = 0;
		};
/* End PBXSourcesBuildPhase section */

/* Begin PBXVariantGroup section */
		089C165CFE840E0CC02AAC07 /* InfoPlist.strings */ = {
			isa = PBXVariantGroup;
			children = (
				089C165DFE840E0CC02AAC07 /* English */,
			);
			name = InfoPlist.strings;
			sourceTree = "<group>";
		};
		72CB32F20DCA5BBF008F3AA2 /* MainMenu.xib */ = {
			isa = PBXVariantGroup;
			children = (
				72CB32F30DCA5BBF008F3AA2 /* English */,
			);
			name = MainMenu.xib;
			sourceTree = "<group>";
		};
/* End PBXVariantGroup section */

/* Begin XCBuildConfiguration section */
		C01FCF4B08A954540054247B /* Debug */ = {
			isa = XCBuildConfiguration;
			buildSettings = {
				COPY_PHASE_STRIP = NO;
				FRAMEWORK_SEARCH_PATHS = (
					"$(inherited)",
					"\"$(SRCROOT)/Plugins/Syphon.plugin/Contents/Frameworks\"",
				);
				GCC_DYNAMIC_NO_PIC = NO;
				GCC_ENABLE_FIX_AND_CONTINUE = YES;
				GCC_MODEL_TUNING = G5;
				GCC_OPTIMIZATION_LEVEL = 0;
				GCC_PRECOMPILE_PREFIX_HEADER = YES;
				GCC_PREFIX_HEADER = PS3QCApp_Prefix.pch;
				INFOPLIST_FILE = Info.plist;
				INSTALL_PATH = "$(HOME)/Applications";
				PRODUCT_NAME = PS3QCApp;
				WRAPPER_EXTENSION = app;
				ZERO_LINK = YES;
			};
			name = Debug;
		};
		C01FCF4C08A954540054247B /* Release */ = {
			isa = XCBuildConfiguration;
			buildSettings = {
				DEBUG_INFORMATION_FORMAT = "dwarf-with-dsym";
				FRAMEWORK_SEARCH_PATHS = (
					"$(inherited)",
					"\"$(SRCROOT)/Plugins/Syphon.plugin/Contents/Frameworks\"",
				);
				GCC_MODEL_TUNING = G5;
				GCC_PRECOMPILE_PREFIX_HEADER = YES;
				GCC_PREFIX_HEADER = PS3QCApp_Prefix.pch;
				INFOPLIST_FILE = Info.plist;
				INSTALL_PATH = "$(HOME)/Applications";
				PRODUCT_NAME = "MacroMeez Visuals";
				WRAPPER_EXTENSION = app;
			};
			name = Release;
		};
		C01FCF4F08A954540054247B /* Debug */ = {
			isa = XCBuildConfiguration;
			buildSettings = {
				ARCHS = "$(ARCHS_STANDARD_32_64_BIT)";
				GCC_C_LANGUAGE_STANDARD = gnu99;
				GCC_WARN_ABOUT_RETURN_TYPE = YES;
				GCC_WARN_UNUSED_VARIABLE = YES;
				ONLY_ACTIVE_ARCH = YES;
				PREBINDING = NO;
				SDKROOT = macosx10.6;
			};
			name = Debug;
		};
		C01FCF5008A954540054247B /* Release */ = {
			isa = XCBuildConfiguration;
			buildSettings = {
				ARCHS = "$(ARCHS_STANDARD_32_64_BIT)";
				GCC_C_LANGUAGE_STANDARD = gnu99;
				GCC_WARN_ABOUT_RETURN_TYPE = YES;
				GCC_WARN_UNUSED_VARIABLE = YES;
				PREBINDING = NO;
				SDKROOT = macosx10.6;
			};
			name = Release;
		};
/* End XCBuildConfiguration section */

/* Begin XCConfigurationList section */
		C01FCF4A08A954540054247B /* Build configuration list for PBXNativeTarget "MacroMeez Visuals" */ = {
			isa = XCConfigurationList;
			buildConfigurations = (
				C01FCF4B08A954540054247B /* Debug */,
				C01FCF4C08A954540054247B /* Release */,
			);
			defaultConfigurationIsVisible = 0;
			defaultConfigurationName = Release;
		};
		C01FCF4E08A954540054247B /* Build configuration list for PBXProject "MacroMeez Visuals" */ = {
			isa = XCConfigurationList;
			buildConfigurations = (
				C01FCF4F08A954540054247B /* Debug */,
				C01FCF5008A954540054247B /* Release */,
			);
			defaultConfigurationIsVisible = 0;
			defaultConfigurationName = Release;
		};
/* End XCConfigurationList section */
	};
	rootObject = 29B97313FDCFA39411CA2CEA /* Project object */;
}
